
Microsoft Visual Studio Solution File, Format Version 12.00
# Visual Studio Version 17
VisualStudioVersion = 17.0.31611.283
MinimumVisualStudioVersion = 10.0.40219.1
Project("{9A19103F-16F7-4668-BE54-9A1E7A4F7556}") = "MauiTest", "MauiTest\MauiTest.csproj", "{36CBAE93-1123-4F58-86AE-C66154AF503E}"
EndProject
Project("{2150E333-8FDC-42A3-9474-1A3956D46DE8}") = "Bugs", "Bugs", "{ACE1180D-27CD-4955-8B70-869D22F5005D}"
EndProject
Project("{9A19103F-16F7-4668-BE54-9A1E7A4F7556}") = "ShadowIssue", "Bugs\ShadowIssue\ShadowIssue.csproj", "{B6012FA4-523E-4808-99FA-7ADD71F61A11}"
EndProject
Project("{9A19103F-16F7-4668-BE54-9A1E7A4F7556}") = "CollectionViewWidthInPopupIssue", "Bugs\CollectionViewWidthInPopupIssue\CollectionViewWidthInPopupIssue.csproj", "{860A8FA1-23BE-47AE-A2E6-53CD1D1D7C47}"
EndProject
Project("{9A19103F-16F7-4668-BE54-9A1E7A4F7556}") = "MauiCollectionViewHighlightBug", "Bugs\MauiCollectionViewHighlightBug\MauiCollectionViewHighlightBug.csproj", "{E803619B-DD14-4B54-9BA4-DFADCA2E85B8}"
EndProject
Project("{FAE04EC0-301F-11D3-BF4B-00C04F79EFBC}") = "MauiBlazorTest", "MauiBlazorTest\MauiBlazorTest.csproj", "{8C99913A-C94A-43B7-9FAE-AEA549A7410C}"
EndProject
Project("{FAE04EC0-301F-11D3-BF4B-00C04F79EFBC}") = "CollectionViewLoadedBug", "CollectionViewLoadedBug\CollectionViewLoadedBug.csproj", "{B394488C-C2AE-4BAA-9272-609F65BA4CB0}"
EndProject
Global
	GlobalSection(SolutionConfigurationPlatforms) = preSolution
		Debug|Any CPU = Debug|Any CPU
		Release|Any CPU = Release|Any CPU
	EndGlobalSection
	GlobalSection(ProjectConfigurationPlatforms) = postSolution
		{36CBAE93-1123-4F58-86AE-C66154AF503E}.Debug|Any CPU.ActiveCfg = Debug|Any CPU
		{36CBAE93-1123-4F58-86AE-C66154AF503E}.Debug|Any CPU.Build.0 = Debug|Any CPU
		{36CBAE93-1123-4F58-86AE-C66154AF503E}.Debug|Any CPU.Deploy.0 = Debug|Any CPU
		{36CBAE93-1123-4F58-86AE-C66154AF503E}.Release|Any CPU.ActiveCfg = Release|Any CPU
		{36CBAE93-1123-4F58-86AE-C66154AF503E}.Release|Any CPU.Build.0 = Release|Any CPU
		{36CBAE93-1123-4F58-86AE-C66154AF503E}.Release|Any CPU.Deploy.0 = Release|Any CPU
		{B6012FA4-523E-4808-99FA-7ADD71F61A11}.Debug|Any CPU.ActiveCfg = Debug|Any CPU
		{B6012FA4-523E-4808-99FA-7ADD71F61A11}.Debug|Any CPU.Build.0 = Debug|Any CPU
		{B6012FA4-523E-4808-99FA-7ADD71F61A11}.Debug|Any CPU.Deploy.0 = Debug|Any CPU
		{B6012FA4-523E-4808-99FA-7ADD71F61A11}.Release|Any CPU.ActiveCfg = Release|Any CPU
		{B6012FA4-523E-4808-99FA-7ADD71F61A11}.Release|Any CPU.Build.0 = Release|Any CPU
		{B6012FA4-523E-4808-99FA-7ADD71F61A11}.Release|Any CPU.Deploy.0 = Release|Any CPU
		{860A8FA1-23BE-47AE-A2E6-53CD1D1D7C47}.Debug|Any CPU.ActiveCfg = Debug|Any CPU
		{860A8FA1-23BE-47AE-A2E6-53CD1D1D7C47}.Debug|Any CPU.Build.0 = Debug|Any CPU
		{860A8FA1-23BE-47AE-A2E6-53CD1D1D7C47}.Debug|Any CPU.Deploy.0 = Debug|Any CPU
		{860A8FA1-23BE-47AE-A2E6-53CD1D1D7C47}.Release|Any CPU.ActiveCfg = Release|Any CPU
		{860A8FA1-23BE-47AE-A2E6-53CD1D1D7C47}.Release|Any CPU.Build.0 = Release|Any CPU
		{860A8FA1-23BE-47AE-A2E6-53CD1D1D7C47}.Release|Any CPU.Deploy.0 = Release|Any CPU
		{E803619B-DD14-4B54-9BA4-DFADCA2E85B8}.Debug|Any CPU.ActiveCfg = Debug|Any CPU
		{E803619B-DD14-4B54-9BA4-DFADCA2E85B8}.Debug|Any CPU.Build.0 = Debug|Any CPU
		{E803619B-DD14-4B54-9BA4-DFADCA2E85B8}.Debug|Any CPU.Deploy.0 = Debug|Any CPU
		{E803619B-DD14-4B54-9BA4-DFADCA2E85B8}.Release|Any CPU.ActiveCfg = Release|Any CPU
		{E803619B-DD14-4B54-9BA4-DFADCA2E85B8}.Release|Any CPU.Build.0 = Release|Any CPU
		{E803619B-DD14-4B54-9BA4-DFADCA2E85B8}.Release|Any CPU.Deploy.0 = Release|Any CPU
		{8C99913A-C94A-43B7-9FAE-AEA549A7410C}.Debug|Any CPU.ActiveCfg = Debug|Any CPU
		{8C99913A-C94A-43B7-9FAE-AEA549A7410C}.Debug|Any CPU.Build.0 = Debug|Any CPU
		{8C99913A-C94A-43B7-9FAE-AEA549A7410C}.Debug|Any CPU.Deploy.0 = Debug|Any CPU
		{8C99913A-C94A-43B7-9FAE-AEA549A7410C}.Release|Any CPU.ActiveCfg = Release|Any CPU
		{8C99913A-C94A-43B7-9FAE-AEA549A7410C}.Release|Any CPU.Build.0 = Release|Any CPU
		{8C99913A-C94A-43B7-9FAE-AEA549A7410C}.Release|Any CPU.Deploy.0 = Release|Any CPU
		{B394488C-C2AE-4BAA-9272-609F65BA4CB0}.Debug|Any CPU.ActiveCfg = Debug|Any CPU
		{B394488C-C2AE-4BAA-9272-609F65BA4CB0}.Debug|Any CPU.Build.0 = Debug|Any CPU
		{B394488C-C2AE-4BAA-9272-609F65BA4CB0}.Debug|Any CPU.Deploy.0 = Debug|Any CPU
		{B394488C-C2AE-4BAA-9272-609F65BA4CB0}.Release|Any CPU.ActiveCfg = Release|Any CPU
		{B394488C-C2AE-4BAA-9272-609F65BA4CB0}.Release|Any CPU.Build.0 = Release|Any CPU
		{B394488C-C2AE-4BAA-9272-609F65BA4CB0}.Release|Any CPU.Deploy.0 = Release|Any CPU
	EndGlobalSection
	GlobalSection(SolutionProperties) = preSolution
		HideSolutionNode = FALSE
	EndGlobalSection
	GlobalSection(NestedProjects) = preSolution
		{B6012FA4-523E-4808-99FA-7ADD71F61A11} = {ACE1180D-27CD-4955-8B70-869D22F5005D}
		{860A8FA1-23BE-47AE-A2E6-53CD1D1D7C47} = {ACE1180D-27CD-4955-8B70-869D22F5005D}
		{E803619B-DD14-4B54-9BA4-DFADCA2E85B8} = {ACE1180D-27CD-4955-8B70-869D22F5005D}
		{B394488C-C2AE-4BAA-9272-609F65BA4CB0} = {ACE1180D-27CD-4955-8B70-869D22F5005D}
	EndGlobalSection
	GlobalSection(ExtensibilityGlobals) = postSolution
		SolutionGuid = {61F7FB11-1E47-470C-91E2-47F8143E1572}
	EndGlobalSection
EndGlobal
